
Microsoft Visual Studio Solution File, Format Version 12.00
# Visual Studio Version 16
VisualStudioVersion = 16.0.32802.440
MinimumVisualStudioVersion = 10.0.40219.1
Project("{FAE04EC0-301F-11D3-BF4B-00C04F79EFBC}") = "Kata6", "Kata6\Kata6.csproj", "{31073F40-6F62-462B-8DB5-980007062BD6}"
EndProject
Global
	GlobalSection(SolutionConfigurationPlatforms) = preSolution
		Debug|Any CPU = Debug|Any CPU
		Release|Any CPU = Release|Any CPU
	EndGlobalSection
	GlobalSection(ProjectConfigurationPlatforms) = postSolution
		{31073F40-6F62-462B-8DB5-980007062BD6}.Debug|Any CPU.ActiveCfg = Debug|Any CPU
		{31073F40-6F62-462B-8DB5-980007062BD6}.Debug|Any CPU.Build.0 = Debug|Any CPU
		{31073F40-6F62-462B-8DB5-980007062BD6}.Release|Any CPU.ActiveCfg = Release|Any CPU
		{31073F40-6F62-462B-8DB5-980007062BD6}.Release|Any CPU.Build.0 = Release|Any CPU
	EndGlobalSection
	GlobalSection(SolutionProperties) = preSolution
		HideSolutionNode = FALSE
	EndGlobalSection
	GlobalSection(ExtensibilityGlobals) = postSolution
		SolutionGuid = {B66E80F2-14FB-4906-A803-DAF736310672}
	EndGlobalSection
EndGlobal
